{
  "name": "kwengrinternationalization",
  "version": "1.0.3",
  "lockfileVersion": 3,
  "requires": true,
  "packages": {
    "": {
      "name": "kwengrinternationalization",
      "version": "1.0.3",
      "license": "MIT",
      "dependencies": {
        "kwengrclitools": "^1.0.3"
      }
    },
    "node_modules/kwengrclitools": {
      "version": "1.0.3",
      "resolved": "https://registry.npmjs.org/kwengrclitools/-/kwengrclitools-1.0.3.tgz",
      "integrity": "sha512-IE85pT2Fl00r2gLglqvBw5CxdJ4jLE9rf1ePBIJVzYPKIQNHMqh8wwz/sk7c3Eh1syaZ9fFyHtCbzGvKMfzJKQ==",
      "dependencies": {
        "kwengrinternationalization": "^1.0.1"
      }
    },
    "node_modules/kwengrinternationalization": {
      "version": "1.0.1",
      "resolved": "https://registry.npmjs.org/kwengrinternationalization/-/kwengrinternationalization-1.0.1.tgz",
      "integrity": "sha512-Cb6BBOgSrvsbt54D6Pe2N7waKnDtaDfbX1zWafzH51A3GzSqKKz0CYzRJ7nAa6jYWii1YZVr9kKMRJgrHKXBrw=="
    }
  }
}
